
Microsoft Visual Studio Solution File, Format Version 12.00
# Visual Studio 15
VisualStudioVersion = 15.0.28307.489
MinimumVisualStudioVersion = 10.0.40219.1
Project("{FAE04EC0-301F-11D3-BF4B-00C04F79EFBC}") = "BootcampCoreServices", "BootcampCoreServices\BootcampCoreServices.csproj", "{65BA2C44-12A3-44DE-8B50-CAD2E581E0CC}"
EndProject
Project("{FAE04EC0-301F-11D3-BF4B-00C04F79EFBC}") = "BootcampCoreServices.Tests", "BootcampCoreServices.Tests\BootcampCoreServices.Tests.csproj", "{C30A3ADA-D82F-4CB6-B7A1-68DB47BB7F1B}"
EndProject
Global
	GlobalSection(SolutionConfigurationPlatforms) = preSolution
		Debug|Any CPU = Debug|Any CPU
		Release|Any CPU = Release|Any CPU
	EndGlobalSection
	GlobalSection(ProjectConfigurationPlatforms) = postSolution
		{65BA2C44-12A3-44DE-8B50-CAD2E581E0CC}.Debug|Any CPU.ActiveCfg = Debug|Any CPU
		{65BA2C44-12A3-44DE-8B50-CAD2E581E0CC}.Debug|Any CPU.Build.0 = Debug|Any CPU
		{65BA2C44-12A3-44DE-8B50-CAD2E581E0CC}.Release|Any CPU.ActiveCfg = Release|Any CPU
		{65BA2C44-12A3-44DE-8B50-CAD2E581E0CC}.Release|Any CPU.Build.0 = Release|Any CPU
		{C30A3ADA-D82F-4CB6-B7A1-68DB47BB7F1B}.Debug|Any CPU.ActiveCfg = Debug|Any CPU
		{C30A3ADA-D82F-4CB6-B7A1-68DB47BB7F1B}.Debug|Any CPU.Build.0 = Debug|Any CPU
		{C30A3ADA-D82F-4CB6-B7A1-68DB47BB7F1B}.Release|Any CPU.ActiveCfg = Release|Any CPU
		{C30A3ADA-D82F-4CB6-B7A1-68DB47BB7F1B}.Release|Any CPU.Build.0 = Release|Any CPU
	EndGlobalSection
	GlobalSection(SolutionProperties) = preSolution
		HideSolutionNode = FALSE
	EndGlobalSection
	GlobalSection(ExtensibilityGlobals) = postSolution
		SolutionGuid = {19DBD0D8-781F-499E-8BEF-218DCA26ACD5}
	EndGlobalSection
EndGlobal
